{
  "pins" : [
    {
      "identity" : "magicimages",
      "kind" : "remoteSourceControl",
      "location" : "https://github.com/heroesofcode/MagicImages",
      "state" : {
        "revision" : "c33e1c6bef2adecf5780d00be06ee05a151f4ef6",
        "version" : "1.0.0"
      }
    },
    {
      "identity" : "sketchkit",
      "kind" : "remoteSourceControl",
      "location" : "https://github.com/dogo/SketchKit",
      "state" : {
        "revision" : "edbe488e7272aefc52d3f878a71f6e61e4bda6d1",
        "version" : "2.0.0"
      }
    },
    {
      "identity" : "swift-snapshot-testing",
      "kind" : "remoteSourceControl",
      "location" : "https://github.com/pointfreeco/swift-snapshot-testing",
      "state" : {
        "revision" : "696b86a6d151578bca7c1a2a3ed419a5f834d40f",
        "version" : "1.13.0"
      }
    },
    {
      "identity" : "swift-syntax",
      "kind" : "remoteSourceControl",
      "location" : "https://github.com/apple/swift-syntax.git",
      "state" : {
        "revision" : "74203046135342e4a4a627476dd6caf8b28fe11b",
        "version" : "509.0.0"
      }
    },
    {
      "identity" : "viewstate",
      "kind" : "remoteSourceControl",
      "location" : "https://github.com/joaolfp/ViewState.git",
      "state" : {
        "revision" : "d72e07ac700a820d4316250701d9de5bda87be11",
        "version" : "1.4.0"
      }
    }
  ],
  "version" : 2
}
